
Microsoft Visual Studio Solution File, Format Version 12.00
# Visual Studio Version 17
VisualStudioVersion = 17.7.34221.43
MinimumVisualStudioVersion = 10.0.40219.1
Project("{8BC9CEB8-8B4A-11D0-8D11-00A0C91BC942}") = "odev4", "odev4\odev4.vcxproj", "{B8700EB3-31CD-47D6-A55C-1F014DAA71DB}"
EndProject
Global
	GlobalSection(SolutionConfigurationPlatforms) = preSolution
		Debug|x64 = Debug|x64
		Debug|x86 = Debug|x86
		Release|x64 = Release|x64
		Release|x86 = Release|x86
	EndGlobalSection
	GlobalSection(ProjectConfigurationPlatforms) = postSolution
		{B8700EB3-31CD-47D6-A55C-1F014DAA71DB}.Debug|x64.ActiveCfg = Debug|x64
		{B8700EB3-31CD-47D6-A55C-1F014DAA71DB}.Debug|x64.Build.0 = Debug|x64
		{B8700EB3-31CD-47D6-A55C-1F014DAA71DB}.Debug|x86.ActiveCfg = Debug|Win32
		{B8700EB3-31CD-47D6-A55C-1F014DAA71DB}.Debug|x86.Build.0 = Debug|Win32
		{B8700EB3-31CD-47D6-A55C-1F014DAA71DB}.Release|x64.ActiveCfg = Release|x64
		{B8700EB3-31CD-47D6-A55C-1F014DAA71DB}.Release|x64.Build.0 = Release|x64
		{B8700EB3-31CD-47D6-A55C-1F014DAA71DB}.Release|x86.ActiveCfg = Release|Win32
		{B8700EB3-31CD-47D6-A55C-1F014DAA71DB}.Release|x86.Build.0 = Release|Win32
	EndGlobalSection
	GlobalSection(SolutionProperties) = preSolution
		HideSolutionNode = FALSE
	EndGlobalSection
	GlobalSection(ExtensibilityGlobals) = postSolution
		SolutionGuid = {3E9FF7BF-7DF8-498B-9EF9-15E218D0EF3A}
	EndGlobalSection
EndGlobal
